
Microsoft Visual Studio Solution File, Format Version 12.00
# Visual Studio 15
VisualStudioVersion = 15.0.28307.271
MinimumVisualStudioVersion = 10.0.40219.1
Project("{FAE04EC0-301F-11D3-BF4B-00C04F79EFBC}") = "testJWT", "testJWT\testJWT.csproj", "{D1890052-BE4B-46D0-A100-0147285EE45B}"
EndProject
Global
	GlobalSection(SolutionConfigurationPlatforms) = preSolution
		Debug|Any CPU = Debug|Any CPU
		Release|Any CPU = Release|Any CPU
	EndGlobalSection
	GlobalSection(ProjectConfigurationPlatforms) = postSolution
		{D1890052-BE4B-46D0-A100-0147285EE45B}.Debug|Any CPU.ActiveCfg = Debug|Any CPU
		{D1890052-BE4B-46D0-A100-0147285EE45B}.Debug|Any CPU.Build.0 = Debug|Any CPU
		{D1890052-BE4B-46D0-A100-0147285EE45B}.Release|Any CPU.ActiveCfg = Release|Any CPU
		{D1890052-BE4B-46D0-A100-0147285EE45B}.Release|Any CPU.Build.0 = Release|Any CPU
	EndGlobalSection
	GlobalSection(SolutionProperties) = preSolution
		HideSolutionNode = FALSE
	EndGlobalSection
	GlobalSection(ExtensibilityGlobals) = postSolution
		SolutionGuid = {87E87268-4A0F-4587-89D6-80BED2C3ADB0}
	EndGlobalSection
EndGlobal
